# This file is automatically @generated by Cargo.
# It is not intended for manual editing.
version = 3

[[package]]
name = "frazaro"
version = "0.8.0"
dependencies = [
 "frazaro-core",
]

[[package]]
name = "frazaro-core"
version = "0.8.0"
dependencies = [
 "vla-lang",
]

[[package]]
name = "vla-lang"
version = "0.8.0"
